
Microsoft Visual Studio Solution File, Format Version 12.00
# Visual Studio Version 16
VisualStudioVersion = 16.0.30225.117
MinimumVisualStudioVersion = 10.0.40219.1
Project("{FAE04EC0-301F-11D3-BF4B-00C04F79EFBC}") = "MoneyConverter", "MoneyConverter.csproj", "{BA15DB27-733B-462F-8947-E6C7881F7D25}"
EndProject
Global
	GlobalSection(SolutionConfigurationPlatforms) = preSolution
		Debug|Any CPU = Debug|Any CPU
		Release|Any CPU = Release|Any CPU
	EndGlobalSection
	GlobalSection(ProjectConfigurationPlatforms) = postSolution
		{BA15DB27-733B-462F-8947-E6C7881F7D25}.Debug|Any CPU.ActiveCfg = Debug|Any CPU
		{BA15DB27-733B-462F-8947-E6C7881F7D25}.Debug|Any CPU.Build.0 = Debug|Any CPU
		{BA15DB27-733B-462F-8947-E6C7881F7D25}.Release|Any CPU.ActiveCfg = Release|Any CPU
		{BA15DB27-733B-462F-8947-E6C7881F7D25}.Release|Any CPU.Build.0 = Release|Any CPU
	EndGlobalSection
	GlobalSection(SolutionProperties) = preSolution
		HideSolutionNode = FALSE
	EndGlobalSection
	GlobalSection(ExtensibilityGlobals) = postSolution
		SolutionGuid = {57A485D3-7000-4291-9DFF-278F6C28E4CE}
	EndGlobalSection
EndGlobal
